hash: fd1457d3e5902e8a246e213862071d617bdb3c3b7fce33165a842edcd0140892
updated: 2017-07-04T16:14:42.997721061+12:00
imports:
- name: github.com/asaskevich/govalidator
  version: 4918b99a7cb949bb295f3c7bbaf24b577d806e35
- name: github.com/boombuler/barcode
  version: a4f901055aa151cd82782e5e2cd0000d5a48eed7
  subpackages:
  - qr
  - utils
- name: github.com/davecgh/go-spew
  version: 6d212800a42e8ab5c146b8ace3490ee17e5225f9
  subpackages:
  - spew
- name: github.com/dgrijalva/jwt-go
  version: d2709f9f1f31ebcda9651b03077758c1f3a0018c
- name: github.com/gocraft/web
  version: 6a73d2f729df8199aca71885fbc470a5576a29d2
- name: github.com/gorilla/context
  version: 1ea25387ff6f684839d82767c1733ff4d4d15d0a
- name: github.com/gorilla/securecookie
  version: e59506cc896acb7f7bf732d4fdf5e25f7ccd8983
- name: github.com/gorilla/sessions
  version: ca9ada44574153444b00d3fd9c8559e4cc95f896
- name: github.com/jessevdk/go-flags
  version: 48cf8722c3375517aba351d1f7577c40663a4407
- name: github.com/jinzhu/gorm
  version: 5174cc5c242a728b435ea2be8a2f7f998e15429b
  subpackages:
  - dialects/postgres
- name: github.com/jinzhu/inflection
  version: 1c35d901db3da928c72a72d8458480cc9ade058f
- name: github.com/lib/pq
  version: 8837942c3e09574accbc5f150e2c5e057189cace
  subpackages:
  - hstore
  - oid
- name: github.com/NebulousLabs/entropy-mnemonics
  version: 7b01a644a63680b90de22bacfb11d832e944eaab
- name: github.com/oleiade/reflections
  version: 2b6ec3da648e3e834dc41bad8d9ed7f2dc6a9496
- name: github.com/ory/fosite
  version: 6c91a21b540c534c9a2330922e357e24c7d5fda9
  subpackages:
  - compose
  - handler/oauth2
  - handler/openid
  - token/hmac
  - token/jwt
- name: github.com/pborman/uuid
  version: a97ce2ca70fa5a848076093f05e639a89ca34d06
- name: github.com/pkg/errors
  version: 645ef00459ed84a119197bfb8d8205042c6df63d
- name: github.com/pmezard/go-difflib
  version: d8ed2627bdf02c080bf22230dbb337003b7aba2d
  subpackages:
  - difflib
- name: github.com/pquerna/otp
  version: 9e1935374bc73ffe011187dafed51a412b90fe43
  subpackages:
  - hotp
  - totp
- name: github.com/ryankurte/go-async
  version: 68217616a03b5fc9615755facf86022f31a3a867
- name: github.com/ryankurte/go-structparse
  version: fd1b84d335bcda76bb76a1b01bb164a94451a7a0
- name: github.com/ryankurte/go-u2f
  version: 3c596e93a5a117d20ca7004bcece76ae379a405a
- name: github.com/satori/go.uuid
  version: 879c5887cd475cd7864858769793b2ceb0d44feb
- name: github.com/stretchr/testify
  version: 69483b4bd14f5845b5a1e55bca19e954e827f1d0
  subpackages:
  - assert
  - require
- name: golang.org/x/crypto
  version: e7ba82683099cae71475961448ab8f903ea77c26
  subpackages:
  - bcrypt
  - blowfish
- name: golang.org/x/net
  version: 9c9a3f3e9f9c5c5b124354c89f615e418c7d3537
  subpackages:
  - context
- name: golang.org/x/text
  version: 210eee5cf7323015d097341bcf7166130d001cd8
  subpackages:
  - transform
  - unicode/norm
- name: gopkg.in/mailgun/mailgun-go.v1
  version: a4002e2df2e8ca2da6a6fbb4a72871b504e49f50
- name: gopkg.in/yaml.v2
  version: cd8b52f8269e0feb286dfeef29f8fe4d5b397e0b
testImports:
- name: github.com/golang/protobuf
  version: c3cefd437628a0b7d31b34fe44b3a7a540e98527
  subpackages:
  - proto
- name: golang.org/x/oauth2
  version: f047394b6d14284165300fd82dad67edb3a4d7f6
  subpackages:
  - clientcredentials
  - internal
- name: google.golang.org/appengine
  version: a2f4131514e563cedfdb6e7d267df9ad48591e93
  subpackages:
  - internal
  - internal/base
  - internal/datastore
  - internal/log
  - internal/remote_api
  - internal/urlfetch
  - urlfetch
